
Microsoft Visual Studio Solution File, Format Version 12.00
# Visual Studio Version 17
VisualStudioVersion = 17.11.35208.52
MinimumVisualStudioVersion = 10.0.40219.1
Project("{FAE04EC0-301F-11D3-BF4B-00C04F79EFBC}") = "MATApp Desktop", "MATApp Desktop\MATApp Desktop.csproj", "{1470828D-473E-400B-856F-584D78BB833A}"
EndProject
Global
	GlobalSection(SolutionConfigurationPlatforms) = preSolution
		Debug|Any CPU = Debug|Any CPU
		Release|Any CPU = Release|Any CPU
	EndGlobalSection
	GlobalSection(ProjectConfigurationPlatforms) = postSolution
		{1470828D-473E-400B-856F-584D78BB833A}.Debug|Any CPU.ActiveCfg = Debug|Any CPU
		{1470828D-473E-400B-856F-584D78BB833A}.Debug|Any CPU.Build.0 = Debug|Any CPU
		{1470828D-473E-400B-856F-584D78BB833A}.Release|Any CPU.ActiveCfg = Release|Any CPU
		{1470828D-473E-400B-856F-584D78BB833A}.Release|Any CPU.Build.0 = Release|Any CPU
	EndGlobalSection
	GlobalSection(SolutionProperties) = preSolution
		HideSolutionNode = FALSE
	EndGlobalSection
	GlobalSection(ExtensibilityGlobals) = postSolution
		SolutionGuid = {B221DA48-CFB8-42C5-AD69-A7BCE25A85C4}
	EndGlobalSection
EndGlobal
